
Microsoft Visual Studio Solution File, Format Version 12.00
# Visual Studio Version 17
VisualStudioVersion = 17.7.34202.233
MinimumVisualStudioVersion = 10.0.40219.1
Project("{FAE04EC0-301F-11D3-BF4B-00C04F79EFBC}") = "Ejercicio_C01", "Ejercicio_C01\Ejercicio_C01.csproj", "{951B9482-838D-4144-B7B9-47B6034D69B3}"
EndProject
Project("{9A19103F-16F7-4668-BE54-9A1E7A4F7556}") = "Entidades", "Entidades\Entidades.csproj", "{81BD1A1F-4295-4606-9A5A-56F891E98626}"
EndProject
Global
	GlobalSection(SolutionConfigurationPlatforms) = preSolution
		Debug|Any CPU = Debug|Any CPU
		Release|Any CPU = Release|Any CPU
	EndGlobalSection
	GlobalSection(ProjectConfigurationPlatforms) = postSolution
		{951B9482-838D-4144-B7B9-47B6034D69B3}.Debug|Any CPU.ActiveCfg = Debug|Any CPU
		{951B9482-838D-4144-B7B9-47B6034D69B3}.Debug|Any CPU.Build.0 = Debug|Any CPU
		{951B9482-838D-4144-B7B9-47B6034D69B3}.Release|Any CPU.ActiveCfg = Release|Any CPU
		{951B9482-838D-4144-B7B9-47B6034D69B3}.Release|Any CPU.Build.0 = Release|Any CPU
		{81BD1A1F-4295-4606-9A5A-56F891E98626}.Debug|Any CPU.ActiveCfg = Debug|Any CPU
		{81BD1A1F-4295-4606-9A5A-56F891E98626}.Debug|Any CPU.Build.0 = Debug|Any CPU
		{81BD1A1F-4295-4606-9A5A-56F891E98626}.Release|Any CPU.ActiveCfg = Release|Any CPU
		{81BD1A1F-4295-4606-9A5A-56F891E98626}.Release|Any CPU.Build.0 = Release|Any CPU
	EndGlobalSection
	GlobalSection(SolutionProperties) = preSolution
		HideSolutionNode = FALSE
	EndGlobalSection
	GlobalSection(ExtensibilityGlobals) = postSolution
		SolutionGuid = {04658C79-0019-4F2D-9682-22C03FD9EC7E}
	EndGlobalSection
EndGlobal
