
Microsoft Visual Studio Solution File, Format Version 12.00
# Visual Studio Version 17
VisualStudioVersion = 17.7.34031.279
MinimumVisualStudioVersion = 10.0.40219.1
Project("{FAE04EC0-301F-11D3-BF4B-00C04F79EFBC}") = "Ejercicio_C02", "Ejercicio_C02\Ejercicio_C02.csproj", "{BD47D3E9-7DD8-4F1C-8641-B29B8D18F871}"
EndProject
Project("{FAE04EC0-301F-11D3-BF4B-00C04F79EFBC}") = "Entidades", "Entidades\Entidades.csproj", "{0591916A-0080-4D84-B129-8D6F508EBE93}"
EndProject
Global
	GlobalSection(SolutionConfigurationPlatforms) = preSolution
		Debug|Any CPU = Debug|Any CPU
		Release|Any CPU = Release|Any CPU
	EndGlobalSection
	GlobalSection(ProjectConfigurationPlatforms) = postSolution
		{BD47D3E9-7DD8-4F1C-8641-B29B8D18F871}.Debug|Any CPU.ActiveCfg = Debug|Any CPU
		{BD47D3E9-7DD8-4F1C-8641-B29B8D18F871}.Debug|Any CPU.Build.0 = Debug|Any CPU
		{BD47D3E9-7DD8-4F1C-8641-B29B8D18F871}.Release|Any CPU.ActiveCfg = Release|Any CPU
		{BD47D3E9-7DD8-4F1C-8641-B29B8D18F871}.Release|Any CPU.Build.0 = Release|Any CPU
		{0591916A-0080-4D84-B129-8D6F508EBE93}.Debug|Any CPU.ActiveCfg = Debug|Any CPU
		{0591916A-0080-4D84-B129-8D6F508EBE93}.Debug|Any CPU.Build.0 = Debug|Any CPU
		{0591916A-0080-4D84-B129-8D6F508EBE93}.Release|Any CPU.ActiveCfg = Release|Any CPU
		{0591916A-0080-4D84-B129-8D6F508EBE93}.Release|Any CPU.Build.0 = Release|Any CPU
	EndGlobalSection
	GlobalSection(SolutionProperties) = preSolution
		HideSolutionNode = FALSE
	EndGlobalSection
	GlobalSection(ExtensibilityGlobals) = postSolution
		SolutionGuid = {8A3648C4-676B-4D14-87FF-19EAC293BD09}
	EndGlobalSection
EndGlobal
