
Microsoft Visual Studio Solution File, Format Version 12.00
# Visual Studio Version 17
VisualStudioVersion = 17.7.34031.279
MinimumVisualStudioVersion = 10.0.40219.1
Project("{FAE04EC0-301F-11D3-BF4B-00C04F79EFBC}") = "Ejecicio_C01", "Ejecicio_C01\Ejecicio_C01.csproj", "{1316D62A-C519-40BD-AA49-D77183EF38EF}"
EndProject
Project("{FAE04EC0-301F-11D3-BF4B-00C04F79EFBC}") = "Entidades", "Entidades\Entidades.csproj", "{8F462D59-ACE0-4EB6-B0A8-87BE148BAABE}"
EndProject
Global
	GlobalSection(SolutionConfigurationPlatforms) = preSolution
		Debug|Any CPU = Debug|Any CPU
		Release|Any CPU = Release|Any CPU
	EndGlobalSection
	GlobalSection(ProjectConfigurationPlatforms) = postSolution
		{1316D62A-C519-40BD-AA49-D77183EF38EF}.Debug|Any CPU.ActiveCfg = Debug|Any CPU
		{1316D62A-C519-40BD-AA49-D77183EF38EF}.Debug|Any CPU.Build.0 = Debug|Any CPU
		{1316D62A-C519-40BD-AA49-D77183EF38EF}.Release|Any CPU.ActiveCfg = Release|Any CPU
		{1316D62A-C519-40BD-AA49-D77183EF38EF}.Release|Any CPU.Build.0 = Release|Any CPU
		{8F462D59-ACE0-4EB6-B0A8-87BE148BAABE}.Debug|Any CPU.ActiveCfg = Debug|Any CPU
		{8F462D59-ACE0-4EB6-B0A8-87BE148BAABE}.Debug|Any CPU.Build.0 = Debug|Any CPU
		{8F462D59-ACE0-4EB6-B0A8-87BE148BAABE}.Release|Any CPU.ActiveCfg = Release|Any CPU
		{8F462D59-ACE0-4EB6-B0A8-87BE148BAABE}.Release|Any CPU.Build.0 = Release|Any CPU
	EndGlobalSection
	GlobalSection(SolutionProperties) = preSolution
		HideSolutionNode = FALSE
	EndGlobalSection
	GlobalSection(ExtensibilityGlobals) = postSolution
		SolutionGuid = {1E003D5A-05A1-494E-B8E2-43E45B4CCF83}
	EndGlobalSection
EndGlobal
