
Microsoft Visual Studio Solution File, Format Version 12.00
# Visual Studio Version 17
VisualStudioVersion = 17.7.34031.279
MinimumVisualStudioVersion = 10.0.40219.1
Project("{FAE04EC0-301F-11D3-BF4B-00C04F79EFBC}") = "Ejercicio_I02", "Ejercicio_I02\Ejercicio_I02.csproj", "{AAB9BA99-633D-483D-85ED-4A7A8814CA4E}"
EndProject
Project("{FAE04EC0-301F-11D3-BF4B-00C04F79EFBC}") = "Entidades", "Entidades\Entidades.csproj", "{0576B2ED-A53E-430B-AD8A-075823643D6A}"
EndProject
Global
	GlobalSection(SolutionConfigurationPlatforms) = preSolution
		Debug|Any CPU = Debug|Any CPU
		Release|Any CPU = Release|Any CPU
	EndGlobalSection
	GlobalSection(ProjectConfigurationPlatforms) = postSolution
		{AAB9BA99-633D-483D-85ED-4A7A8814CA4E}.Debug|Any CPU.ActiveCfg = Debug|Any CPU
		{AAB9BA99-633D-483D-85ED-4A7A8814CA4E}.Debug|Any CPU.Build.0 = Debug|Any CPU
		{AAB9BA99-633D-483D-85ED-4A7A8814CA4E}.Release|Any CPU.ActiveCfg = Release|Any CPU
		{AAB9BA99-633D-483D-85ED-4A7A8814CA4E}.Release|Any CPU.Build.0 = Release|Any CPU
		{0576B2ED-A53E-430B-AD8A-075823643D6A}.Debug|Any CPU.ActiveCfg = Debug|Any CPU
		{0576B2ED-A53E-430B-AD8A-075823643D6A}.Debug|Any CPU.Build.0 = Debug|Any CPU
		{0576B2ED-A53E-430B-AD8A-075823643D6A}.Release|Any CPU.ActiveCfg = Release|Any CPU
		{0576B2ED-A53E-430B-AD8A-075823643D6A}.Release|Any CPU.Build.0 = Release|Any CPU
	EndGlobalSection
	GlobalSection(SolutionProperties) = preSolution
		HideSolutionNode = FALSE
	EndGlobalSection
	GlobalSection(ExtensibilityGlobals) = postSolution
		SolutionGuid = {27EE91DA-95FA-496F-B57B-DBD180F5046E}
	EndGlobalSection
EndGlobal
