
Microsoft Visual Studio Solution File, Format Version 12.00
# Visual Studio Version 17
VisualStudioVersion = 17.7.34221.43
MinimumVisualStudioVersion = 10.0.40219.1
Project("{FAE04EC0-301F-11D3-BF4B-00C04F79EFBC}") = "Ejercicio_I02", "Ejercicio_I02\Ejercicio_I02.csproj", "{3E044610-F44E-43D7-ADA3-37BA36E5D34E}"
EndProject
Project("{FAE04EC0-301F-11D3-BF4B-00C04F79EFBC}") = "PaqueteFragilTest", "TestControlAduana\PaqueteFragilTest.csproj", "{83E751D8-5DE3-4243-A68C-A56F5CFF3D14}"
EndProject
Project("{FAE04EC0-301F-11D3-BF4B-00C04F79EFBC}") = "Entidades", "Entidades\Entidades.csproj", "{2DF43C33-57AB-4CB0-808B-5AEDB53D201C}"
EndProject
Project("{FAE04EC0-301F-11D3-BF4B-00C04F79EFBC}") = "PaquetePesadoTest", "PaquetePesadoTest\PaquetePesadoTest.csproj", "{EEE2970B-57CD-4888-97ED-97657FFD1B16}"
EndProject
Project("{FAE04EC0-301F-11D3-BF4B-00C04F79EFBC}") = "GestionImpuestostest", "GestionImpuestostest\GestionImpuestostest.csproj", "{D64E3273-D18D-4223-8F21-B52B1AD0A8EE}"
EndProject
Project("{2150E333-8FDC-42A3-9474-1A3956D46DE8}") = "Testing", "Testing", "{7BE1AD4B-BFF6-43E9-9B1F-11E8365CBB98}"
EndProject
Global
	GlobalSection(SolutionConfigurationPlatforms) = preSolution
		Debug|Any CPU = Debug|Any CPU
		Release|Any CPU = Release|Any CPU
	EndGlobalSection
	GlobalSection(ProjectConfigurationPlatforms) = postSolution
		{3E044610-F44E-43D7-ADA3-37BA36E5D34E}.Debug|Any CPU.ActiveCfg = Debug|Any CPU
		{3E044610-F44E-43D7-ADA3-37BA36E5D34E}.Debug|Any CPU.Build.0 = Debug|Any CPU
		{3E044610-F44E-43D7-ADA3-37BA36E5D34E}.Release|Any CPU.ActiveCfg = Release|Any CPU
		{3E044610-F44E-43D7-ADA3-37BA36E5D34E}.Release|Any CPU.Build.0 = Release|Any CPU
		{83E751D8-5DE3-4243-A68C-A56F5CFF3D14}.Debug|Any CPU.ActiveCfg = Debug|Any CPU
		{83E751D8-5DE3-4243-A68C-A56F5CFF3D14}.Debug|Any CPU.Build.0 = Debug|Any CPU
		{83E751D8-5DE3-4243-A68C-A56F5CFF3D14}.Release|Any CPU.ActiveCfg = Release|Any CPU
		{83E751D8-5DE3-4243-A68C-A56F5CFF3D14}.Release|Any CPU.Build.0 = Release|Any CPU
		{2DF43C33-57AB-4CB0-808B-5AEDB53D201C}.Debug|Any CPU.ActiveCfg = Debug|Any CPU
		{2DF43C33-57AB-4CB0-808B-5AEDB53D201C}.Debug|Any CPU.Build.0 = Debug|Any CPU
		{2DF43C33-57AB-4CB0-808B-5AEDB53D201C}.Release|Any CPU.ActiveCfg = Release|Any CPU
		{2DF43C33-57AB-4CB0-808B-5AEDB53D201C}.Release|Any CPU.Build.0 = Release|Any CPU
		{EEE2970B-57CD-4888-97ED-97657FFD1B16}.Debug|Any CPU.ActiveCfg = Debug|Any CPU
		{EEE2970B-57CD-4888-97ED-97657FFD1B16}.Debug|Any CPU.Build.0 = Debug|Any CPU
		{EEE2970B-57CD-4888-97ED-97657FFD1B16}.Release|Any CPU.ActiveCfg = Release|Any CPU
		{EEE2970B-57CD-4888-97ED-97657FFD1B16}.Release|Any CPU.Build.0 = Release|Any CPU
		{D64E3273-D18D-4223-8F21-B52B1AD0A8EE}.Debug|Any CPU.ActiveCfg = Debug|Any CPU
		{D64E3273-D18D-4223-8F21-B52B1AD0A8EE}.Debug|Any CPU.Build.0 = Debug|Any CPU
		{D64E3273-D18D-4223-8F21-B52B1AD0A8EE}.Release|Any CPU.ActiveCfg = Release|Any CPU
		{D64E3273-D18D-4223-8F21-B52B1AD0A8EE}.Release|Any CPU.Build.0 = Release|Any CPU
	EndGlobalSection
	GlobalSection(SolutionProperties) = preSolution
		HideSolutionNode = FALSE
	EndGlobalSection
	GlobalSection(NestedProjects) = preSolution
		{83E751D8-5DE3-4243-A68C-A56F5CFF3D14} = {7BE1AD4B-BFF6-43E9-9B1F-11E8365CBB98}
		{EEE2970B-57CD-4888-97ED-97657FFD1B16} = {7BE1AD4B-BFF6-43E9-9B1F-11E8365CBB98}
		{D64E3273-D18D-4223-8F21-B52B1AD0A8EE} = {7BE1AD4B-BFF6-43E9-9B1F-11E8365CBB98}
	EndGlobalSection
	GlobalSection(ExtensibilityGlobals) = postSolution
		SolutionGuid = {98DBB028-0C8E-47D8-9DC1-E584B131671C}
	EndGlobalSection
EndGlobal
