
Microsoft Visual Studio Solution File, Format Version 12.00
# Visual Studio Version 17
VisualStudioVersion = 17.7.34024.191
MinimumVisualStudioVersion = 10.0.40219.1
Project("{FAE04EC0-301F-11D3-BF4B-00C04F79EFBC}") = "Ejercicio_01", "Ejercicio_01\Ejercicio_01.csproj", "{B06B9482-52A4-4D07-B5D0-A48F8DBE5A0D}"
EndProject
Project("{FAE04EC0-301F-11D3-BF4B-00C04F79EFBC}") = "Entidades", "Entidades\Entidades.csproj", "{4943A8B7-BCC2-4E6C-AF51-F932EA230C7D}"
EndProject
Global
	GlobalSection(SolutionConfigurationPlatforms) = preSolution
		Debug|Any CPU = Debug|Any CPU
		Release|Any CPU = Release|Any CPU
	EndGlobalSection
	GlobalSection(ProjectConfigurationPlatforms) = postSolution
		{B06B9482-52A4-4D07-B5D0-A48F8DBE5A0D}.Debug|Any CPU.ActiveCfg = Debug|Any CPU
		{B06B9482-52A4-4D07-B5D0-A48F8DBE5A0D}.Debug|Any CPU.Build.0 = Debug|Any CPU
		{B06B9482-52A4-4D07-B5D0-A48F8DBE5A0D}.Release|Any CPU.ActiveCfg = Release|Any CPU
		{B06B9482-52A4-4D07-B5D0-A48F8DBE5A0D}.Release|Any CPU.Build.0 = Release|Any CPU
		{4943A8B7-BCC2-4E6C-AF51-F932EA230C7D}.Debug|Any CPU.ActiveCfg = Debug|Any CPU
		{4943A8B7-BCC2-4E6C-AF51-F932EA230C7D}.Debug|Any CPU.Build.0 = Debug|Any CPU
		{4943A8B7-BCC2-4E6C-AF51-F932EA230C7D}.Release|Any CPU.ActiveCfg = Release|Any CPU
		{4943A8B7-BCC2-4E6C-AF51-F932EA230C7D}.Release|Any CPU.Build.0 = Release|Any CPU
	EndGlobalSection
	GlobalSection(SolutionProperties) = preSolution
		HideSolutionNode = FALSE
	EndGlobalSection
	GlobalSection(ExtensibilityGlobals) = postSolution
		SolutionGuid = {9E6B6D88-F089-49FA-8350-E98E7A8699F6}
	EndGlobalSection
EndGlobal
