
Microsoft Visual Studio Solution File, Format Version 12.00
# Visual Studio Version 17
VisualStudioVersion = 17.7.34024.191
MinimumVisualStudioVersion = 10.0.40219.1
Project("{9A19103F-16F7-4668-BE54-9A1E7A4F7556}") = "Ejercicio_02", "Ejercicio_02\Ejercicio_02.csproj", "{4C329F37-B5D5-43FF-980F-23EB39C9A882}"
EndProject
Project("{FAE04EC0-301F-11D3-BF4B-00C04F79EFBC}") = "Entidades", "Entidades\Entidades.csproj", "{1825A23B-58E4-467A-9922-92A840AF7359}"
EndProject
Global
	GlobalSection(SolutionConfigurationPlatforms) = preSolution
		Debug|Any CPU = Debug|Any CPU
		Release|Any CPU = Release|Any CPU
	EndGlobalSection
	GlobalSection(ProjectConfigurationPlatforms) = postSolution
		{4C329F37-B5D5-43FF-980F-23EB39C9A882}.Debug|Any CPU.ActiveCfg = Debug|Any CPU
		{4C329F37-B5D5-43FF-980F-23EB39C9A882}.Debug|Any CPU.Build.0 = Debug|Any CPU
		{4C329F37-B5D5-43FF-980F-23EB39C9A882}.Release|Any CPU.ActiveCfg = Release|Any CPU
		{4C329F37-B5D5-43FF-980F-23EB39C9A882}.Release|Any CPU.Build.0 = Release|Any CPU
		{1825A23B-58E4-467A-9922-92A840AF7359}.Debug|Any CPU.ActiveCfg = Debug|Any CPU
		{1825A23B-58E4-467A-9922-92A840AF7359}.Debug|Any CPU.Build.0 = Debug|Any CPU
		{1825A23B-58E4-467A-9922-92A840AF7359}.Release|Any CPU.ActiveCfg = Release|Any CPU
		{1825A23B-58E4-467A-9922-92A840AF7359}.Release|Any CPU.Build.0 = Release|Any CPU
	EndGlobalSection
	GlobalSection(SolutionProperties) = preSolution
		HideSolutionNode = FALSE
	EndGlobalSection
	GlobalSection(ExtensibilityGlobals) = postSolution
		SolutionGuid = {A4D66C1E-502F-4801-801D-FCBC983F5AB7}
	EndGlobalSection
EndGlobal
