
Microsoft Visual Studio Solution File, Format Version 12.00
# Visual Studio Version 17
VisualStudioVersion = 17.7.34031.279
MinimumVisualStudioVersion = 10.0.40219.1
Project("{FAE04EC0-301F-11D3-BF4B-00C04F79EFBC}") = "Ejercicio_C03", "Ejercicio_C03\Ejercicio_C03.csproj", "{BCACC8F1-5ADF-49EB-99C0-18B7CA6F7598}"
EndProject
Project("{FAE04EC0-301F-11D3-BF4B-00C04F79EFBC}") = "Entidades", "Entidades\Entidades.csproj", "{9F57BB12-7601-4AAE-802A-3CFA3A2E71E1}"
EndProject
Global
	GlobalSection(SolutionConfigurationPlatforms) = preSolution
		Debug|Any CPU = Debug|Any CPU
		Release|Any CPU = Release|Any CPU
	EndGlobalSection
	GlobalSection(ProjectConfigurationPlatforms) = postSolution
		{BCACC8F1-5ADF-49EB-99C0-18B7CA6F7598}.Debug|Any CPU.ActiveCfg = Debug|Any CPU
		{BCACC8F1-5ADF-49EB-99C0-18B7CA6F7598}.Debug|Any CPU.Build.0 = Debug|Any CPU
		{BCACC8F1-5ADF-49EB-99C0-18B7CA6F7598}.Release|Any CPU.ActiveCfg = Release|Any CPU
		{BCACC8F1-5ADF-49EB-99C0-18B7CA6F7598}.Release|Any CPU.Build.0 = Release|Any CPU
		{9F57BB12-7601-4AAE-802A-3CFA3A2E71E1}.Debug|Any CPU.ActiveCfg = Debug|Any CPU
		{9F57BB12-7601-4AAE-802A-3CFA3A2E71E1}.Debug|Any CPU.Build.0 = Debug|Any CPU
		{9F57BB12-7601-4AAE-802A-3CFA3A2E71E1}.Release|Any CPU.ActiveCfg = Release|Any CPU
		{9F57BB12-7601-4AAE-802A-3CFA3A2E71E1}.Release|Any CPU.Build.0 = Release|Any CPU
	EndGlobalSection
	GlobalSection(SolutionProperties) = preSolution
		HideSolutionNode = FALSE
	EndGlobalSection
	GlobalSection(ExtensibilityGlobals) = postSolution
		SolutionGuid = {8E409F76-D36E-4E7A-A2E1-2E37028FDFB7}
	EndGlobalSection
EndGlobal
