
Microsoft Visual Studio Solution File, Format Version 12.00
# Visual Studio Version 17
VisualStudioVersion = 17.7.34024.191
MinimumVisualStudioVersion = 10.0.40219.1
Project("{FAE04EC0-301F-11D3-BF4B-00C04F79EFBC}") = "Ejercicio_03", "Ejercicio_03\Ejercicio_03.csproj", "{FE733BBE-D533-4EA4-B0DF-1767C59A98FA}"
EndProject
Project("{FAE04EC0-301F-11D3-BF4B-00C04F79EFBC}") = "Entidades", "Entidades\Entidades.csproj", "{14DC4A50-E8B8-443D-914B-071EF27E9E65}"
EndProject
Global
	GlobalSection(SolutionConfigurationPlatforms) = preSolution
		Debug|Any CPU = Debug|Any CPU
		Release|Any CPU = Release|Any CPU
	EndGlobalSection
	GlobalSection(ProjectConfigurationPlatforms) = postSolution
		{FE733BBE-D533-4EA4-B0DF-1767C59A98FA}.Debug|Any CPU.ActiveCfg = Debug|Any CPU
		{FE733BBE-D533-4EA4-B0DF-1767C59A98FA}.Debug|Any CPU.Build.0 = Debug|Any CPU
		{FE733BBE-D533-4EA4-B0DF-1767C59A98FA}.Release|Any CPU.ActiveCfg = Release|Any CPU
		{FE733BBE-D533-4EA4-B0DF-1767C59A98FA}.Release|Any CPU.Build.0 = Release|Any CPU
		{14DC4A50-E8B8-443D-914B-071EF27E9E65}.Debug|Any CPU.ActiveCfg = Debug|Any CPU
		{14DC4A50-E8B8-443D-914B-071EF27E9E65}.Debug|Any CPU.Build.0 = Debug|Any CPU
		{14DC4A50-E8B8-443D-914B-071EF27E9E65}.Release|Any CPU.ActiveCfg = Release|Any CPU
		{14DC4A50-E8B8-443D-914B-071EF27E9E65}.Release|Any CPU.Build.0 = Release|Any CPU
	EndGlobalSection
	GlobalSection(SolutionProperties) = preSolution
		HideSolutionNode = FALSE
	EndGlobalSection
	GlobalSection(ExtensibilityGlobals) = postSolution
		SolutionGuid = {351193EF-3AB2-48BF-8C1A-E160B52F9504}
	EndGlobalSection
EndGlobal
