
Microsoft Visual Studio Solution File, Format Version 12.00
# Visual Studio Version 17
VisualStudioVersion = 17.7.34031.279
MinimumVisualStudioVersion = 10.0.40219.1
Project("{FAE04EC0-301F-11D3-BF4B-00C04F79EFBC}") = "Ejercicio_I01", "Ejercicio_I01\Ejercicio_I01.csproj", "{55BF5BA5-889E-4981-8583-CB62DBA2079A}"
EndProject
Project("{FAE04EC0-301F-11D3-BF4B-00C04F79EFBC}") = "Entidades", "Entidades\Entidades.csproj", "{9342B49D-16B0-41D0-9CEB-99003AF8C191}"
EndProject
Global
	GlobalSection(SolutionConfigurationPlatforms) = preSolution
		Debug|Any CPU = Debug|Any CPU
		Release|Any CPU = Release|Any CPU
	EndGlobalSection
	GlobalSection(ProjectConfigurationPlatforms) = postSolution
		{55BF5BA5-889E-4981-8583-CB62DBA2079A}.Debug|Any CPU.ActiveCfg = Debug|Any CPU
		{55BF5BA5-889E-4981-8583-CB62DBA2079A}.Debug|Any CPU.Build.0 = Debug|Any CPU
		{55BF5BA5-889E-4981-8583-CB62DBA2079A}.Release|Any CPU.ActiveCfg = Release|Any CPU
		{55BF5BA5-889E-4981-8583-CB62DBA2079A}.Release|Any CPU.Build.0 = Release|Any CPU
		{9342B49D-16B0-41D0-9CEB-99003AF8C191}.Debug|Any CPU.ActiveCfg = Debug|Any CPU
		{9342B49D-16B0-41D0-9CEB-99003AF8C191}.Debug|Any CPU.Build.0 = Debug|Any CPU
		{9342B49D-16B0-41D0-9CEB-99003AF8C191}.Release|Any CPU.ActiveCfg = Release|Any CPU
		{9342B49D-16B0-41D0-9CEB-99003AF8C191}.Release|Any CPU.Build.0 = Release|Any CPU
	EndGlobalSection
	GlobalSection(SolutionProperties) = preSolution
		HideSolutionNode = FALSE
	EndGlobalSection
	GlobalSection(ExtensibilityGlobals) = postSolution
		SolutionGuid = {31E1A6C5-B069-4A6C-B9DB-FF3C53E77F4C}
	EndGlobalSection
EndGlobal
